// !$*UTF8*$!
{
	archiveVersion = 1;
	classes = {
	};
	objectVersion = 46;
	objects = {

/* Begin PBXBuildFile section */
		3595D25D1E5F0E9B00A38C8A /* main.m in Sources */ = {isa = PBXBuildFile; fileRef = 3595D25C1E5F0E9B00A38C8A /* main.m */; };
		3595D2761E5F0E9B00A38C8A /* QQListDemoTests.m in Sources */ = {isa = PBXBuildFile; fileRef = 3595D2751E5F0E9B00A38C8A /* QQListDemoTests.m */; };
		3595D2811E5F0E9B00A38C8A /* QQListDemoUITests.m in Sources */ = {isa = PBXBuildFile; fileRef = 3595D2801E5F0E9B00A38C8A /* QQListDemoUITests.m */; };
		3595D29D1E5F149100A38C8A /* LaunchScreen.storyboard in Resources */ = {isa = PBXBuildFile; fileRef = 3595D28F1E5F149100A38C8A /* LaunchScreen.storyboard */; };
		3595D29E1E5F149100A38C8A /* Main.storyboard in Resources */ = {isa = PBXBuildFile; fileRef = 3595D2911E5F149100A38C8A /* Main.storyboard */; };
		3595D29F1E5F149100A38C8A /* AppDelegate.m in Sources */ = {isa = PBXBuildFile; fileRef = 3595D2971E5F149100A38C8A /* AppDelegate.m */; };
		3595D2A01E5F149100A38C8A /* Assets.xcassets in Resources */ = {isa = PBXBuildFile; fileRef = 3595D29A1E5F149100A38C8A /* Assets.xcassets */; };
		3595D2A61E5F159800A38C8A /* FriendsListViewController.m in Sources */ = {isa = PBXBuildFile; fileRef = 3595D2A51E5F159800A38C8A /* FriendsListViewController.m */; };
		3595D2A91E5F15BC00A38C8A /* QQGroupModel.m in Sources */ = {isa = PBXBuildFile; fileRef = 3595D2A81E5F15BC00A38C8A /* QQGroupModel.m */; };
		3595D2AC1E5F15CD00A38C8A /* FriendsModel.m in Sources */ = {isa = PBXBuildFile; fileRef = 3595D2AB1E5F15CD00A38C8A /* FriendsModel.m */; };
		3595D2AF1E5F160500A38C8A /* FriendViewCell.m in Sources */ = {isa = PBXBuildFile; fileRef = 3595D2AE1E5F160500A38C8A /* FriendViewCell.m */; };
		3595D2B21E5F165500A38C8A /* HeaderView.m in Sources */ = {isa = PBXBuildFile; fileRef = 3595D2B11E5F165500A38C8A /* HeaderView.m */; };
		3595D2B41E5F168C00A38C8A /* FriendsList.plist in Resources */ = {isa = PBXBuildFile; fileRef = 3595D2B31E5F168C00A38C8A /* FriendsList.plist */; };
		35E0C3611E60566D0039D2C6 /* 2.jpg in Resources */ = {isa = PBXBuildFile; fileRef = 35E0C3511E60566D0039D2C6 /* 2.jpg */; };
		35E0C3621E60566D0039D2C6 /* 3.jpg in Resources */ = {isa = PBXBuildFile; fileRef = 35E0C3521E60566D0039D2C6 /* 3.jpg */; };
		35E0C3631E60566D0039D2C6 /* 4.jpg in Resources */ = {isa = PBXBuildFile; fileRef = 35E0C3531E60566D0039D2C6 /* 4.jpg */; };
		35E0C3641E60566D0039D2C6 /* 5.jpg in Resources */ = {isa = PBXBuildFile; fileRef = 35E0C3541E60566D0039D2C6 /* 5.jpg */; };
		35E0C3651E60566D0039D2C6 /* 6.jpg in Resources */ = {isa = PBXBuildFile; fileRef = 35E0C3551E60566D0039D2C6 /* 6.jpg */; };
		35E0C3661E60566D0039D2C6 /* 7.jpg in Resources */ = {isa = PBXBuildFile; fileRef = 35E0C3561E60566D0039D2C6 /* 7.jpg */; };
		35E0C3671E60566D0039D2C6 /* 8.jpg in Resources */ = {isa = PBXBuildFile; fileRef = 35E0C3571E60566D0039D2C6 /* 8.jpg */; };
		35E0C3681E60566D0039D2C6 /* 9.jpg in Resources */ = {isa = PBXBuildFile; fileRef = 35E0C3581E60566D0039D2C6 /* 9.jpg */; };
		35E0C3691E60566D0039D2C6 /* 10.jpg in Resources */ = {isa = PBXBuildFile; fileRef = 35E0C3591E60566D0039D2C6 /* 10.jpg */; };
		35E0C36A1E60566D0039D2C6 /* 11.jpg in Resources */ = {isa = PBXBuildFile; fileRef = 35E0C35A1E60566D0039D2C6 /* 11.jpg */; };
		35E0C36B1E60566D0039D2C6 /* 12.jpg in Resources */ = {isa = PBXBuildFile; fileRef = 35E0C35B1E60566D0039D2C6 /* 12.jpg */; };
		35E0C36C1E60566D0039D2C6 /* 13.jpg in Resources */ = {isa = PBXBuildFile; fileRef = 35E0C35C1E60566D0039D2C6 /* 13.jpg */; };
		35E0C36D1E60566D0039D2C6 /* 14.jpg in Resources */ = {isa = PBXBuildFile; fileRef = 35E0C35D1E60566D0039D2C6 /* 14.jpg */; };
		35E0C36E1E60566D0039D2C6 /* 15.jpg in Resources */ = {isa = PBXBuildFile; fileRef = 35E0C35E1E60566D0039D2C6 /* 15.jpg */; };
		35E0C36F1E60566D0039D2C6 /* 16.jpg in Resources */ = {isa = PBXBuildFile; fileRef = 35E0C35F1E60566D0039D2C6 /* 16.jpg */; };
		35E0C3711E6056DE0039D2C6 /* 1.png in Resources */ = {isa = PBXBuildFile; fileRef = 35E0C3701E6056DE0039D2C6 /* 1.png */; };
/* End PBXBuildFile section */

/* Begin PBXContainerItemProxy section */
		3595D2721E5F0E9B00A38C8A /* PBXContainerItemProxy */ = {
			isa = PBXContainerItemProxy;
			containerPortal = 3595D2501E5F0E9B00A38C8A /* Project object */;
			proxyType = 1;
			remoteGlobalIDString = 3595D2571E5F0E9B00A38C8A;
			remoteInfo = QQListDemo;
		};
		3595D27D1E5F0E9B00A38C8A /* PBXContainerItemProxy */ = {
			isa = PBXContainerItemProxy;
			containerPortal = 3595D2501E5F0E9B00A38C8A /* Project object */;
			proxyType = 1;
			remoteGlobalIDString = 3595D2571E5F0E9B00A38C8A;
			remoteInfo = QQListDemo;
		};
/* End PBXContainerItemProxy section */

/* Begin PBXFileReference section */
		3595D2581E5F0E9B00A38C8A /* QQListDemo.app */ = {isa = PBXFileReference; explicitFileType = wrapper.application; includeInIndex = 0; path = QQListDemo.app; sourceTree = BUILT_PRODUCTS_DIR; };
		3595D25C1E5F0E9B00A38C8A /* main.m */ = {isa = PBXFileReference; lastKnownFileType = sourcecode.c.objc; path = main.m; sourceTree = "<group>"; };
		3595D26C1E5F0E9B00A38C8A /* Info.plist */ = {isa = PBXFileReference; lastKnownFileType = text.plist.xml; path = Info.plist; sourceTree = "<group>"; };
		3595D2711E5F0E9B00A38C8A /* QQListDemoTests.xctest */ = {isa = PBXFileReference; explicitFileType = wrapper.cfbundle; includeInIndex = 0; path = QQListDemoTests.xctest; sourceTree = BUILT_PRODUCTS_DIR; };
		3595D2751E5F0E9B00A38C8A /* QQListDemoTests.m */ = {isa = PBXFileReference; lastKnownFileType = sourcecode.c.objc; path = QQListDemoTests.m; sourceTree = "<group>"; };
		3595D2771E5F0E9B00A38C8A /* Info.plist */ = {isa = PBXFileReference; lastKnownFileType = text.plist.xml; path = Info.plist; sourceTree = "<group>"; };
		3595D27C1E5F0E9B00A38C8A /* QQListDemoUITests.xctest */ = {isa = PBXFileReference; explicitFileType = wrapper.cfbundle; includeInIndex = 0; path = QQListDemoUITests.xctest; sourceTree = BUILT_PRODUCTS_DIR; };
		3595D2801E5F0E9B00A38C8A /* QQListDemoUITests.m */ = {isa = PBXFileReference; lastKnownFileType = sourcecode.c.objc; path = QQListDemoUITests.m; sourceTree = "<group>"; };
		3595D2821E5F0E9B00A38C8A /* Info.plist */ = {isa = PBXFileReference; lastKnownFileType = text.plist.xml; path = Info.plist; sourceTree = "<group>"; };
		3595D2901E5F149100A38C8A /* Base */ = {isa = PBXFileReference; lastKnownFileType = file.storyboard; name = Base; path = LaunchScreen.storyboard; sourceTree = "<group>"; };
		3595D2921E5F149100A38C8A /* Base */ = {isa = PBXFileReference; lastKnownFileType = file.storyboard; name = Base; path = Main.storyboard; sourceTree = "<group>"; };
		3595D2961E5F149100A38C8A /* AppDelegate.h */ = {isa = PBXFileReference; fileEncoding = 4; lastKnownFileType = sourcecode.c.h; path = AppDelegate.h; sourceTree = "<group>"; };
		3595D2971E5F149100A38C8A /* AppDelegate.m */ = {isa = PBXFileReference; fileEncoding = 4; lastKnownFileType = sourcecode.c.objc; path = AppDelegate.m; sourceTree = "<group>"; };
		3595D29A1E5F149100A38C8A /* Assets.xcassets */ = {isa = PBXFileReference; lastKnownFileType = folder.assetcatalog; path = Assets.xcassets; sourceTree = "<group>"; };
		3595D2A41E5F159800A38C8A /* FriendsListViewController.h */ = {isa = PBXFileReference; fileEncoding = 4; lastKnownFileType = sourcecode.c.h; path = FriendsListViewController.h; sourceTree = "<group>"; };
		3595D2A51E5F159800A38C8A /* FriendsListViewController.m */ = {isa = PBXFileReference; fileEncoding = 4; lastKnownFileType = sourcecode.c.objc; path = FriendsListViewController.m; sourceTree = "<group>"; };
		3595D2A71E5F15BC00A38C8A /* QQGroupModel.h */ = {isa = PBXFileReference; fileEncoding = 4; lastKnownFileType = sourcecode.c.h; path = QQGroupModel.h; sourceTree = "<group>"; };
		3595D2A81E5F15BC00A38C8A /* QQGroupModel.m */ = {isa = PBXFileReference; fileEncoding = 4; lastKnownFileType = sourcecode.c.objc; path = QQGroupModel.m; sourceTree = "<group>"; };
		3595D2AA1E5F15CC00A38C8A /* FriendsModel.h */ = {isa = PBXFileReference; fileEncoding = 4; lastKnownFileType = sourcecode.c.h; path = FriendsModel.h; sourceTree = "<group>"; };
		3595D2AB1E5F15CD00A38C8A /* FriendsModel.m */ = {isa = PBXFileReference; fileEncoding = 4; lastKnownFileType = sourcecode.c.objc; path = FriendsModel.m; sourceTree = "<group>"; };
		3595D2AD1E5F160500A38C8A /* FriendViewCell.h */ = {isa = PBXFileReference; fileEncoding = 4; lastKnownFileType = sourcecode.c.h; path = FriendViewCell.h; sourceTree = "<group>"; };
		3595D2AE1E5F160500A38C8A /* FriendViewCell.m */ = {isa = PBXFileReference; fileEncoding = 4; lastKnownFileType = sourcecode.c.objc; path = FriendViewCell.m; sourceTree = "<group>"; };
		3595D2B01E5F165500A38C8A /* HeaderView.h */ = {isa = PBXFileReference; fileEncoding = 4; lastKnownFileType = sourcecode.c.h; path = HeaderView.h; sourceTree = "<group>"; };
		3595D2B11E5F165500A38C8A /* HeaderView.m */ = {isa = PBXFileReference; fileEncoding = 4; lastKnownFileType = sourcecode.c.objc; path = HeaderView.m; sourceTree = "<group>"; };
		3595D2B31E5F168C00A38C8A /* FriendsList.plist */ = {isa = PBXFileReference; fileEncoding = 4; lastKnownFileType = text.plist.xml; path = FriendsList.plist; sourceTree = "<group>"; };
		35E0C3511E60566D0039D2C6 /* 2.jpg */ = {isa = PBXFileReference; lastKnownFileType = image.jpeg; path = 2.jpg; sourceTree = "<group>"; };
		35E0C3521E60566D0039D2C6 /* 3.jpg */ = {isa = PBXFileReference; lastKnownFileType = image.jpeg; path = 3.jpg; sourceTree = "<group>"; };
		35E0C3531E60566D0039D2C6 /* 4.jpg */ = {isa = PBXFileReference; lastKnownFileType = image.jpeg; path = 4.jpg; sourceTree = "<group>"; };
		35E0C3541E60566D0039D2C6 /* 5.jpg */ = {isa = PBXFileReference; lastKnownFileType = image.jpeg; path = 5.jpg; sourceTree = "<group>"; };
		35E0C3551E60566D0039D2C6 /* 6.jpg */ = {isa = PBXFileReference; lastKnownFileType = image.jpeg; path = 6.jpg; sourceTree = "<group>"; };
		35E0C3561E60566D0039D2C6 /* 7.jpg */ = {isa = PBXFileReference; lastKnownFileType = image.jpeg; path = 7.jpg; sourceTree = "<group>"; };
		35E0C3571E60566D0039D2C6 /* 8.jpg */ = {isa = PBXFileReference; lastKnownFileType = image.jpeg; path = 8.jpg; sourceTree = "<group>"; };
		35E0C3581E60566D0039D2C6 /* 9.jpg */ = {isa = PBXFileReference; lastKnownFileType = image.jpeg; path = 9.jpg; sourceTree = "<group>"; };
		35E0C3591E60566D0039D2C6 /* 10.jpg */ = {isa = PBXFileReference; lastKnownFileType = image.jpeg; path = 10.jpg; sourceTree = "<group>"; };
		35E0C35A1E60566D0039D2C6 /* 11.jpg */ = {isa = PBXFileReference; lastKnownFileType = image.jpeg; path = 11.jpg; sourceTree = "<group>"; };
		35E0C35B1E60566D0039D2C6 /* 12.jpg */ = {isa = PBXFileReference; lastKnownFileType = image.jpeg; path = 12.jpg; sourceTree = "<group>"; };
		35E0C35C1E60566D0039D2C6 /* 13.jpg */ = {isa = PBXFileReference; lastKnownFileType = image.jpeg; path = 13.jpg; sourceTree = "<group>"; };
		35E0C35D1E60566D0039D2C6 /* 14.jpg */ = {isa = PBXFileReference; lastKnownFileType = image.jpeg; path = 14.jpg; sourceTree = "<group>"; };
		35E0C35E1E60566D0039D2C6 /* 15.jpg */ = {isa = PBXFileReference; lastKnownFileType = image.jpeg; path = 15.jpg; sourceTree = "<group>"; };
		35E0C35F1E60566D0039D2C6 /* 16.jpg */ = {isa = PBXFileReference; lastKnownFileType = image.jpeg; path = 16.jpg; sourceTree = "<group>"; };
		35E0C3701E6056DE0039D2C6 /* 1.png */ = {isa = PBXFileReference; lastKnownFileType = image.png; path = 1.png; sourceTree = "<group>"; };
/* End PBXFileReference section */

/* Begin PBXFrameworksBuildPhase section */
		3595D2551E5F0E9B00A38C8A /* Frameworks */ = {
			isa = PBXFrameworksBuildPhase;
			buildActionMask = 2147483647;
			files = (
			);
			runOnlyForDeploymentPostprocessing = 0;
		};
		3595D26E1E5F0E9B00A38C8A /* Frameworks */ = {
			isa = PBXFrameworksBuildPhase;
			buildActionMask = 2147483647;
			files = (
			);
			runOnlyForDeploymentPostprocessing = 0;
		};
		3595D2791E5F0E9B00A38C8A /* Frameworks */ = {
			isa = PBXFrameworksBuildPhase;
			buildActionMask = 2147483647;
			files = (
			);
			runOnlyForDeploymentPostprocessing = 0;
		};
/* End PBXFrameworksBuildPhase section */

/* Begin PBXGroup section */
		3595D24F1E5F0E9B00A38C8A = {
			isa = PBXGroup;
			children = (
				3595D25A1E5F0E9B00A38C8A /* QQListDemo */,
				3595D2741E5F0E9B00A38C8A /* QQListDemoTests */,
				3595D27F1E5F0E9B00A38C8A /* QQListDemoUITests */,
				3595D2591E5F0E9B00A38C8A /* Products */,
			);
			sourceTree = "<group>";
		};
		3595D2591E5F0E9B00A38C8A /* Products */ = {
			isa = PBXGroup;
			children = (
				3595D2581E5F0E9B00A38C8A /* QQListDemo.app */,
				3595D2711E5F0E9B00A38C8A /* QQListDemoTests.xctest */,
				3595D27C1E5F0E9B00A38C8A /* QQListDemoUITests.xctest */,
			);
			name = Products;
			sourceTree = "<group>";
		};
		3595D25A1E5F0E9B00A38C8A /* QQListDemo */ = {
			isa = PBXGroup;
			children = (
				3595D2951E5F149100A38C8A /* Main */,
				3595D29B1E5F149100A38C8A /* Sections */,
				3595D2981E5F149100A38C8A /* Others */,
				3595D2931E5F149100A38C8A /* Helpers */,
				3595D2991E5F149100A38C8A /* Resource */,
				3595D2941E5F149100A38C8A /* Macroes */,
				3595D29C1E5F149100A38C8A /* Venders */,
				3595D28E1E5F149100A38C8A /* Base.lproj */,
				3595D26C1E5F0E9B00A38C8A /* Info.plist */,
				3595D25B1E5F0E9B00A38C8A /* Supporting Files */,
			);
			path = QQListDemo;
			sourceTree = "<group>";
		};
		3595D25B1E5F0E9B00A38C8A /* Supporting Files */ = {
			isa = PBXGroup;
			children = (
				3595D25C1E5F0E9B00A38C8A /* main.m */,
			);
			name = "Supporting Files";
			sourceTree = "<group>";
		};
		3595D2741E5F0E9B00A38C8A /* QQListDemoTests */ = {
			isa = PBXGroup;
			children = (
				3595D2751E5F0E9B00A38C8A /* QQListDemoTests.m */,
				3595D2771E5F0E9B00A38C8A /* Info.plist */,
			);
			path = QQListDemoTests;
			sourceTree = "<group>";
		};
		3595D27F1E5F0E9B00A38C8A /* QQListDemoUITests */ = {
			isa = PBXGroup;
			children = (
				3595D2801E5F0E9B00A38C8A /* QQListDemoUITests.m */,
				3595D2821E5F0E9B00A38C8A /* Info.plist */,
			);
			path = QQListDemoUITests;
			sourceTree = "<group>";
		};
		3595D28E1E5F149100A38C8A /* Base.lproj */ = {
			isa = PBXGroup;
			children = (
				3595D28F1E5F149100A38C8A /* LaunchScreen.storyboard */,
				3595D2911E5F149100A38C8A /* Main.storyboard */,
			);
			path = Base.lproj;
			sourceTree = "<group>";
		};
		3595D2931E5F149100A38C8A /* Helpers */ = {
			isa = PBXGroup;
			children = (
			);
			path = Helpers;
			sourceTree = "<group>";
		};
		3595D2941E5F149100A38C8A /* Macroes */ = {
			isa = PBXGroup;
			children = (
			);
			path = Macroes;
			sourceTree = "<group>";
		};
		3595D2951E5F149100A38C8A /* Main */ = {
			isa = PBXGroup;
			children = (
				3595D2961E5F149100A38C8A /* AppDelegate.h */,
				3595D2971E5F149100A38C8A /* AppDelegate.m */,
			);
			path = Main;
			sourceTree = "<group>";
		};
		3595D2981E5F149100A38C8A /* Others */ = {
			isa = PBXGroup;
			children = (
			);
			path = Others;
			sourceTree = "<group>";
		};
		3595D2991E5F149100A38C8A /* Resource */ = {
			isa = PBXGroup;
			children = (
				3595D2B51E5F176400A38C8A /* AppIcons */,
				3595D29A1E5F149100A38C8A /* Assets.xcassets */,
				3595D2B31E5F168C00A38C8A /* FriendsList.plist */,
			);
			path = Resource;
			sourceTree = "<group>";
		};
		3595D29B1E5F149100A38C8A /* Sections */ = {
			isa = PBXGroup;
			children = (
				3595D2A11E5F156300A38C8A /* Controller */,
				3595D2A21E5F156300A38C8A /* Model */,
				3595D2A31E5F156300A38C8A /* View */,
			);
			path = Sections;
			sourceTree = "<group>";
		};
		3595D29C1E5F149100A38C8A /* Venders */ = {
			isa = PBXGroup;
			children = (
			);
			path = Venders;
			sourceTree = "<group>";
		};
		3595D2A11E5F156300A38C8A /* Controller */ = {
			isa = PBXGroup;
			children = (
				3595D2A41E5F159800A38C8A /* FriendsListViewController.h */,
				3595D2A51E5F159800A38C8A /* FriendsListViewController.m */,
			);
			path = Controller;
			sourceTree = "<group>";
		};
		3595D2A21E5F156300A38C8A /* Model */ = {
			isa = PBXGroup;
			children = (
				3595D2A71E5F15BC00A38C8A /* QQGroupModel.h */,
				3595D2A81E5F15BC00A38C8A /* QQGroupModel.m */,
				3595D2AA1E5F15CC00A38C8A /* FriendsModel.h */,
				3595D2AB1E5F15CD00A38C8A /* FriendsModel.m */,
			);
			path = Model;
			sourceTree = "<group>";
		};
		3595D2A31E5F156300A38C8A /* View */ = {
			isa = PBXGroup;
			children = (
				3595D2AD1E5F160500A38C8A /* FriendViewCell.h */,
				3595D2AE1E5F160500A38C8A /* FriendViewCell.m */,
				3595D2B01E5F165500A38C8A /* HeaderView.h */,
				3595D2B11E5F165500A38C8A /* HeaderView.m */,
			);
			path = View;
			sourceTree = "<group>";
		};
		3595D2B51E5F176400A38C8A /* AppIcons */ = {
			isa = PBXGroup;
			children = (
				35E0C3701E6056DE0039D2C6 /* 1.png */,
				35E0C3511E60566D0039D2C6 /* 2.jpg */,
				35E0C3521E60566D0039D2C6 /* 3.jpg */,
				35E0C3531E60566D0039D2C6 /* 4.jpg */,
				35E0C3541E60566D0039D2C6 /* 5.jpg */,
				35E0C3551E60566D0039D2C6 /* 6.jpg */,
				35E0C3561E60566D0039D2C6 /* 7.jpg */,
				35E0C3571E60566D0039D2C6 /* 8.jpg */,
				35E0C3581E60566D0039D2C6 /* 9.jpg */,
				35E0C3591E60566D0039D2C6 /* 10.jpg */,
				35E0C35A1E60566D0039D2C6 /* 11.jpg */,
				35E0C35B1E60566D0039D2C6 /* 12.jpg */,
				35E0C35C1E60566D0039D2C6 /* 13.jpg */,
				35E0C35D1E60566D0039D2C6 /* 14.jpg */,
				35E0C35E1E60566D0039D2C6 /* 15.jpg */,
				35E0C35F1E60566D0039D2C6 /* 16.jpg */,
			);
			path = AppIcons;
			sourceTree = "<group>";
		};
/* End PBXGroup section */

/* Begin PBXNativeTarget section */
		3595D2571E5F0E9B00A38C8A /* QQListDemo */ = {
			isa = PBXNativeTarget;
			buildConfigurationList = 3595D2851E5F0E9B00A38C8A /* Build configuration list for PBXNativeTarget "QQListDemo" */;
			buildPhases = (
				3595D2541E5F0E9B00A38C8A /* Sources */,
				3595D2551E5F0E9B00A38C8A /* Frameworks */,
				3595D2561E5F0E9B00A38C8A /* Resources */,
			);
			buildRules = (
			);
			dependencies = (
			);
			name = QQListDemo;
			productName = QQListDemo;
			productReference = 3595D2581E5F0E9B00A38C8A /* QQListDemo.app */;
			productType = "com.apple.product-type.application";
		};
		3595D2701E5F0E9B00A38C8A /* QQListDemoTests */ = {
			isa = PBXNativeTarget;
			buildConfigurationList = 3595D2881E5F0E9B00A38C8A /* Build configuration list for PBXNativeTarget "QQListDemoTests" */;
			buildPhases = (
				3595D26D1E5F0E9B00A38C8A /* Sources */,
				3595D26E1E5F0E9B00A38C8A /* Frameworks */,
				3595D26F1E5F0E9B00A38C8A /* Resources */,
			);
			buildRules = (
			);
			dependencies = (
				3595D2731E5F0E9B00A38C8A /* PBXTargetDependency */,
			);
			name = QQListDemoTests;
			productName = QQListDemoTests;
			productReference = 3595D2711E5F0E9B00A38C8A /* QQListDemoTests.xctest */;
			productType = "com.apple.product-type.bundle.unit-test";
		};
		3595D27B1E5F0E9B00A38C8A /* QQListDemoUITests */ = {
			isa = PBXNativeTarget;
			buildConfigurationList = 3595D28B1E5F0E9B00A38C8A /* Build configuration list for PBXNativeTarget "QQListDemoUITests" */;
			buildPhases = (
				3595D2781E5F0E9B00A38C8A /* Sources */,
				3595D2791E5F0E9B00A38C8A /* Frameworks */,
				3595D27A1E5F0E9B00A38C8A /* Resources */,
			);
			buildRules = (
			);
			dependencies = (
				3595D27E1E5F0E9B00A38C8A /* PBXTargetDependency */,
			);
			name = QQListDemoUITests;
			productName = QQListDemoUITests;
			productReference = 3595D27C1E5F0E9B00A38C8A /* QQListDemoUITests.xctest */;
			productType = "com.apple.product-type.bundle.ui-testing";
		};
/* End PBXNativeTarget section */

/* Begin PBXProject section */
		3595D2501E5F0E9B00A38C8A /* Project object */ = {
			isa = PBXProject;
			attributes = {
				LastUpgradeCheck = 0820;
				ORGANIZATIONNAME = "李亚东";
				TargetAttributes = {
					3595D2571E5F0E9B00A38C8A = {
						CreatedOnToolsVersion = 8.2.1;
						DevelopmentTeam = J5N965C342;
						ProvisioningStyle = Automatic;
					};
					3595D2701E5F0E9B00A38C8A = {
						CreatedOnToolsVersion = 8.2.1;
						ProvisioningStyle = Automatic;
						TestTargetID = 3595D2571E5F0E9B00A38C8A;
					};
					3595D27B1E5F0E9B00A38C8A = {
						CreatedOnToolsVersion = 8.2.1;
						ProvisioningStyle = Automatic;
						TestTargetID = 3595D2571E5F0E9B00A38C8A;
					};
				};
			};
			buildConfigurationList = 3595D2531E5F0E9B00A38C8A /* Build configuration list for PBXProject "QQListDemo" */;
			compatibilityVersion = "Xcode 3.2";
			developmentRegion = English;
			hasScannedForEncodings = 0;
			knownRegions = (
				en,
				Base,
			);
			mainGroup = 3595D24F1E5F0E9B00A38C8A;
			productRefGroup = 3595D2591E5F0E9B00A38C8A /* Products */;
			projectDirPath = "";
			projectRoot = "";
			targets = (
				3595D2571E5F0E9B00A38C8A /* QQListDemo */,
				3595D2701E5F0E9B00A38C8A /* QQListDemoTests */,
				3595D27B1E5F0E9B00A38C8A /* QQListDemoUITests */,
			);
		};
/* End PBXProject section */

/* Begin PBXResourcesBuildPhase section */
		3595D2561E5F0E9B00A38C8A /* Resources */ = {
			isa = PBXResourcesBuildPhase;
			buildActionMask = 2147483647;
			files = (
				35E0C3651E60566D0039D2C6 /* 6.jpg in Resources */,
				35E0C36C1E60566D0039D2C6 /* 13.jpg in Resources */,
				3595D29E1E5F149100A38C8A /* Main.storyboard in Resources */,
				35E0C36B1E60566D0039D2C6 /* 12.jpg in Resources */,
				35E0C36F1E60566D0039D2C6 /* 16.jpg in Resources */,
				35E0C3641E60566D0039D2C6 /* 5.jpg in Resources */,
				35E0C3661E60566D0039D2C6 /* 7.jpg in Resources */,
				3595D29D1E5F149100A38C8A /* LaunchScreen.storyboard in Resources */,
				35E0C3671E60566D0039D2C6 /* 8.jpg in Resources */,
				35E0C3611E60566D0039D2C6 /* 2.jpg in Resources */,
				35E0C36A1E60566D0039D2C6 /* 11.jpg in Resources */,
				35E0C3711E6056DE0039D2C6 /* 1.png in Resources */,
				3595D2B41E5F168C00A38C8A /* FriendsList.plist in Resources */,
				35E0C3681E60566D0039D2C6 /* 9.jpg in Resources */,
				35E0C3691E60566D0039D2C6 /* 10.jpg in Resources */,
				3595D2A01E5F149100A38C8A /* Assets.xcassets in Resources */,
				35E0C36E1E60566D0039D2C6 /* 15.jpg in Resources */,
				35E0C36D1E60566D0039D2C6 /* 14.jpg in Resources */,
				35E0C3631E60566D0039D2C6 /* 4.jpg in Resources */,
				35E0C3621E60566D0039D2C6 /* 3.jpg in Resources */,
			);
			runOnlyForDeploymentPostprocessing = 0;
		};
		3595D26F1E5F0E9B00A38C8A /* Resources */ = {
			isa = PBXResourcesBuildPhase;
			buildActionMask = 2147483647;
			files = (
			);
			runOnlyForDeploymentPostprocessing = 0;
		};
		3595D27A1E5F0E9B00A38C8A /* Resources */ = {
			isa = PBXResourcesBuildPhase;
			buildActionMask = 2147483647;
			files = (
			);
			runOnlyForDeploymentPostprocessing = 0;
		};
/* End PBXResourcesBuildPhase section */

/* Begin PBXSourcesBuildPhase section */
		3595D2541E5F0E9B00A38C8A /* Sources */ = {
			isa = PBXSourcesBuildPhase;
			buildActionMask = 2147483647;
			files = (
				3595D2B21E5F165500A38C8A /* HeaderView.m in Sources */,
				3595D2A61E5F159800A38C8A /* FriendsListViewController.m in Sources */,
				3595D2AC1E5F15CD00A38C8A /* FriendsModel.m in Sources */,
				3595D2A91E5F15BC00A38C8A /* QQGroupModel.m in Sources */,
				3595D29F1E5F149100A38C8A /* AppDelegate.m in Sources */,
				3595D2AF1E5F160500A38C8A /* FriendViewCell.m in Sources */,
				3595D25D1E5F0E9B00A38C8A /* main.m in Sources */,
			);
			runOnlyForDeploymentPostprocessing = 0;
		};
		3595D26D1E5F0E9B00A38C8A /* Sources */ = {
			isa = PBXSourcesBuildPhase;
			buildActionMask = 2147483647;
			files = (
				3595D2761E5F0E9B00A38C8A /* QQListDemoTests.m in Sources */,
			);
			runOnlyForDeploymentPostprocessing = 0;
		};
		3595D2781E5F0E9B00A38C8A /* Sources */ = {
			isa = PBXSourcesBuildPhase;
			buildActionMask = 2147483647;
			files = (
				3595D2811E5F0E9B00A38C8A /* QQListDemoUITests.m in Sources */,
			);
			runOnlyForDeploymentPostprocessing = 0;
		};
/* End PBXSourcesBuildPhase section */

/* Begin PBXTargetDependency section */
		3595D2731E5F0E9B00A38C8A /* PBXTargetDependency */ = {
			isa = PBXTargetDependency;
			target = 3595D2571E5F0E9B00A38C8A /* QQListDemo */;
			targetProxy = 3595D2721E5F0E9B00A38C8A /* PBXContainerItemProxy */;
		};
		3595D27E1E5F0E9B00A38C8A /* PBXTargetDependency */ = {
			isa = PBXTargetDependency;
			target = 3595D2571E5F0E9B00A38C8A /* QQListDemo */;
			targetProxy = 3595D27D1E5F0E9B00A38C8A /* PBXContainerItemProxy */;
		};
/* End PBXTargetDependency section */

/* Begin PBXVariantGroup section */
		3595D28F1E5F149100A38C8A /* LaunchScreen.storyboard */ = {
			isa = PBXVariantGroup;
			children = (
				3595D2901E5F149100A38C8A /* Base */,
			);
			name = LaunchScreen.storyboard;
			sourceTree = "<group>";
		};
		3595D2911E5F149100A38C8A /* Main.storyboard */ = {
			isa = PBXVariantGroup;
			children = (
				3595D2921E5F149100A38C8A /* Base */,
			);
			name = Main.storyboard;
			sourceTree = "<group>";
		};
/* End PBXVariantGroup section */

/* Begin XCBuildConfiguration section */
		3595D2831E5F0E9B00A38C8A /* Debug */ = {
			isa = XCBuildConfiguration;
			buildSettings = {
				ALWAYS_SEARCH_USER_PATHS = NO;
				CLANG_ANALYZER_NONNULL = YES;
				CLANG_CXX_LANGUAGE_STANDARD = "gnu++0x";
				CLANG_CXX_LIBRARY = "libc++";
				CLANG_ENABLE_MODULES = YES;
				CLANG_ENABLE_OBJC_ARC = YES;
				CLANG_WARN_BOOL_CONVERSION = YES;
				CLANG_WARN_CONSTANT_CONVERSION = YES;
				CLANG_WARN_DIRECT_OBJC_ISA_USAGE = YES_ERROR;
				CLANG_WARN_DOCUMENTATION_COMMENTS = YES;
				CLANG_WARN_EMPTY_BODY = YES;
				CLANG_WARN_ENUM_CONVERSION = YES;
				CLANG_WARN_INFINITE_RECURSION = YES;
				CLANG_WARN_INT_CONVERSION = YES;
				CLANG_WARN_OBJC_ROOT_CLASS = YES_ERROR;
				CLANG_WARN_SUSPICIOUS_MOVE = YES;
				CLANG_WARN_UNREACHABLE_CODE = YES;
				CLANG_WARN__DUPLICATE_METHOD_MATCH = YES;
				"CODE_SIGN_IDENTITY[sdk=iphoneos*]" = "iPhone Developer";
				COPY_PHASE_STRIP = NO;
				DEBUG_INFORMATION_FORMAT = dwarf;
				ENABLE_STRICT_OBJC_MSGSEND = YES;
				ENABLE_TESTABILITY = YES;
				GCC_C_LANGUAGE_STANDARD = gnu99;
				GCC_DYNAMIC_NO_PIC = NO;
				GCC_NO_COMMON_BLOCKS = YES;
				GCC_OPTIMIZATION_LEVEL = 0;
				GCC_PREPROCESSOR_DEFINITIONS = (
					"DEBUG=1",
					"$(inherited)",
				);
				GCC_WARN_64_TO_32_BIT_CONVERSION = YES;
				GCC_WARN_ABOUT_RETURN_TYPE = YES_ERROR;
				GCC_WARN_UNDECLARED_SELECTOR = YES;
				GCC_WARN_UNINITIALIZED_AUTOS = YES_AGGRESSIVE;
				GCC_WARN_UNUSED_FUNCTION = YES;
				GCC_WARN_UNUSED_VARIABLE = YES;
				IPHONEOS_DEPLOYMENT_TARGET = 10.2;
				MTL_ENABLE_DEBUG_INFO = YES;
				ONLY_ACTIVE_ARCH = YES;
				SDKROOT = iphoneos;
				TARGETED_DEVICE_FAMILY = "1,2";
			};
			name = Debug;
		};
		3595D2841E5F0E9B00A38C8A /* Release */ = {
			isa = XCBuildConfiguration;
			buildSettings = {
				ALWAYS_SEARCH_USER_PATHS = NO;
				CLANG_ANALYZER_NONNULL = YES;
				CLANG_CXX_LANGUAGE_STANDARD = "gnu++0x";
				CLANG_CXX_LIBRARY = "libc++";
				CLANG_ENABLE_MODULES = YES;
				CLANG_ENABLE_OBJC_ARC = YES;
				CLANG_WARN_BOOL_CONVERSION = YES;
				CLANG_WARN_CONSTANT_CONVERSION = YES;
				CLANG_WARN_DIRECT_OBJC_ISA_USAGE = YES_ERROR;
				CLANG_WARN_DOCUMENTATION_COMMENTS = YES;
				CLANG_WARN_EMPTY_BODY = YES;
				CLANG_WARN_ENUM_CONVERSION = YES;
				CLANG_WARN_INFINITE_RECURSION = YES;
				CLANG_WARN_INT_CONVERSION = YES;
				CLANG_WARN_OBJC_ROOT_CLASS = YES_ERROR;
				CLANG_WARN_SUSPICIOUS_MOVE = YES;
				CLANG_WARN_UNREACHABLE_CODE = YES;
				CLANG_WARN__DUPLICATE_METHOD_MATCH = YES;
				"CODE_SIGN_IDENTITY[sdk=iphoneos*]" = "iPhone Developer";
				COPY_PHASE_STRIP = NO;
				DEBUG_INFORMATION_FORMAT = "dwarf-with-dsym";
				ENABLE_NS_ASSERTIONS = NO;
				ENABLE_STRICT_OBJC_MSGSEND = YES;
				GCC_C_LANGUAGE_STANDARD = gnu99;
				GCC_NO_COMMON_BLOCKS = YES;
				GCC_WARN_64_TO_32_BIT_CONVERSION = YES;
				GCC_WARN_ABOUT_RETURN_TYPE = YES_ERROR;
				GCC_WARN_UNDECLARED_SELECTOR = YES;
				GCC_WARN_UNINITIALIZED_AUTOS = YES_AGGRESSIVE;
				GCC_WARN_UNUSED_FUNCTION = YES;
				GCC_WARN_UNUSED_VARIABLE = YES;
				IPHONEOS_DEPLOYMENT_TARGET = 10.2;
				MTL_ENABLE_DEBUG_INFO = NO;
				SDKROOT = iphoneos;
				TARGETED_DEVICE_FAMILY = "1,2";
				VALIDATE_PRODUCT = YES;
			};
			name = Release;
		};
		3595D2861E5F0E9B00A38C8A /* Debug */ = {
			isa = XCBuildConfiguration;
			buildSettings = {
				ASSETCATALOG_COMPILER_APPICON_NAME = AppIcon;
				DEVELOPMENT_TEAM = J5N965C342;
				INFOPLIST_FILE = QQListDemo/Info.plist;
				LD_RUNPATH_SEARCH_PATHS = "$(inherited) @executable_path/Frameworks";
				PRODUCT_BUNDLE_IDENTIFIER = cn.htu.com.QQListDemo;
				PRODUCT_NAME = "$(TARGET_NAME)";
			};
			name = Debug;
		};
		3595D2871E5F0E9B00A38C8A /* Release */ = {
			isa = XCBuildConfiguration;
			buildSettings = {
				ASSETCATALOG_COMPILER_APPICON_NAME = AppIcon;
				DEVELOPMENT_TEAM = J5N965C342;
				INFOPLIST_FILE = QQListDemo/Info.plist;
				LD_RUNPATH_SEARCH_PATHS = "$(inherited) @executable_path/Frameworks";
				PRODUCT_BUNDLE_IDENTIFIER = cn.htu.com.QQListDemo;
				PRODUCT_NAME = "$(TARGET_NAME)";
			};
			name = Release;
		};
		3595D2891E5F0E9B00A38C8A /* Debug */ = {
			isa = XCBuildConfiguration;
			buildSettings = {
				BUNDLE_LOADER = "$(TEST_HOST)";
				INFOPLIST_FILE = QQListDemoTests/Info.plist;
				LD_RUNPATH_SEARCH_PATHS = "$(inherited) @executable_path/Frameworks @loader_path/Frameworks";
				PRODUCT_BUNDLE_IDENTIFIER = cn.htu.com.QQListDemoTests;
				PRODUCT_NAME = "$(TARGET_NAME)";
				TEST_HOST = "$(BUILT_PRODUCTS_DIR)/QQListDemo.app/QQListDemo";
			};
			name = Debug;
		};
		3595D28A1E5F0E9B00A38C8A /* Release */ = {
			isa = XCBuildConfiguration;
			buildSettings = {
				BUNDLE_LOADER = "$(TEST_HOST)";
				INFOPLIST_FILE = QQListDemoTests/Info.plist;
				LD_RUNPATH_SEARCH_PATHS = "$(inherited) @executable_path/Frameworks @loader_path/Frameworks";
				PRODUCT_BUNDLE_IDENTIFIER = cn.htu.com.QQListDemoTests;
				PRODUCT_NAME = "$(TARGET_NAME)";
				TEST_HOST = "$(BUILT_PRODUCTS_DIR)/QQListDemo.app/QQListDemo";
			};
			name = Release;
		};
		3595D28C1E5F0E9B00A38C8A /* Debug */ = {
			isa = XCBuildConfiguration;
			buildSettings = {
				INFOPLIST_FILE = QQListDemoUITests/Info.plist;
				LD_RUNPATH_SEARCH_PATHS = "$(inherited) @executable_path/Frameworks @loader_path/Frameworks";
				PRODUCT_BUNDLE_IDENTIFIER = cn.htu.com.QQListDemoUITests;
				PRODUCT_NAME = "$(TARGET_NAME)";
				TEST_TARGET_NAME = QQListDemo;
			};
			name = Debug;
		};
		3595D28D1E5F0E9B00A38C8A /* Release */ = {
			isa = XCBuildConfiguration;
			buildSettings = {
				INFOPLIST_FILE = QQListDemoUITests/Info.plist;
				LD_RUNPATH_SEARCH_PATHS = "$(inherited) @executable_path/Frameworks @loader_path/Frameworks";
				PRODUCT_BUNDLE_IDENTIFIER = cn.htu.com.QQListDemoUITests;
				PRODUCT_NAME = "$(TARGET_NAME)";
				TEST_TARGET_NAME = QQListDemo;
			};
			name = Release;
		};
/* End XCBuildConfiguration section */

/* Begin XCConfigurationList section */
		3595D2531E5F0E9B00A38C8A /* Build configuration list for PBXProject "QQListDemo" */ = {
			isa = XCConfigurationList;
			buildConfigurations = (
				3595D2831E5F0E9B00A38C8A /* Debug */,
				3595D2841E5F0E9B00A38C8A /* Release */,
			);
			defaultConfigurationIsVisible = 0;
			defaultConfigurationName = Release;
		};
		3595D2851E5F0E9B00A38C8A /* Build configuration list for PBXNativeTarget "QQListDemo" */ = {
			isa = XCConfigurationList;
			buildConfigurations = (
				3595D2861E5F0E9B00A38C8A /* Debug */,
				3595D2871E5F0E9B00A38C8A /* Release */,
			);
			defaultConfigurationIsVisible = 0;
			defaultConfigurationName = Release;
		};
		3595D2881E5F0E9B00A38C8A /* Build configuration list for PBXNativeTarget "QQListDemoTests" */ = {
			isa = XCConfigurationList;
			buildConfigurations = (
				3595D2891E5F0E9B00A38C8A /* Debug */,
				3595D28A1E5F0E9B00A38C8A /* Release */,
			);
			defaultConfigurationIsVisible = 0;
			defaultConfigurationName = Release;
		};
		3595D28B1E5F0E9B00A38C8A /* Build configuration list for PBXNativeTarget "QQListDemoUITests" */ = {
			isa = XCConfigurationList;
			buildConfigurations = (
				3595D28C1E5F0E9B00A38C8A /* Debug */,
				3595D28D1E5F0E9B00A38C8A /* Release */,
			);
			defaultConfigurationIsVisible = 0;
			defaultConfigurationName = Release;
		};
/* End XCConfigurationList section */
	};
	rootObject = 3595D2501E5F0E9B00A38C8A /* Project object */;
}
